{
  "name": "js-peers",
  "version": "1.0.0",
  "lockfileVersion": 1,
  "requires": true,
  "dependencies": {
    "js-serve": {
      "version": "git+https://github.com/Mariusmivw/js-serve.git#7b7173706e6da5d6d40e969263c260b04286575b",
      "from": "git+https://github.com/Mariusmivw/js-serve.git"
    },
    "js-sockets": {
      "version": "git+https://github.com/Mariusmivw/js-sockets.git#37addd162b35a38c331f128b4b68c6ca953a62aa",
      "from": "git+https://github.com/Mariusmivw/js-sockets.git",
      "requires": {
        "js-serve": "git+https://github.com/Mariusmivw/js-serve.git",
        "ws": "^7.2.1"
      },
      "dependencies": {
        "js-serve": {
          "version": "git+https://github.com/Mariusmivw/js-serve.git#7b7173706e6da5d6d40e969263c260b04286575b",
          "from": "git+https://github.com/Mariusmivw/js-serve.git"
        }
      }
    },
    "ws": {
      "version": "7.4.6",
      "resolved": "https://registry.npmjs.org/ws/-/ws-7.4.6.tgz",
      "integrity": "sha512-YmhHDO4MzaDLB+M9ym/mDA5z0naX8j7SIlT8f8z+I0VtzsRbekxEutHSme7NPS2qE8StCYQNUnfWdXta/Yu85A=="
    }
  }
}
