{
  "name": "js-peers",
  "version": "1.0.0",
  "lockfileVersion": 1,
  "requires": true,
  "dependencies": {
    "js-serve": {
      "version": "git+https://github.com/Mariusmivw/js-serve.git#7b7173706e6da5d6d40e969263c260b04286575b",
      "from": "git+https://github.com/Mariusmivw/js-serve.git"
    },
    "js-sockets": {
      "version": "git+https://github.com/Mariusmivw/js-sockets.git#ae103173bdff4b6e60f89a63559f3f096c3e7741",
      "from": "git+https://github.com/Mariusmivw/js-sockets.git",
      "requires": {
        "js-serve": "git+https://github.com/Mariusmivw/js-serve.git"
      }
    }
  }
}
